// !$*UTF8*$!
{
	archiveVersion = 1;
	classes = {
	};
	objectVersion = 46;
	objects = {

/* Begin PBXBuildFile section */
		1F1110233D4095711C954BE8 /* Pods_SmART_FORM.framework in Frameworks */ = {isa = PBXBuildFile; fileRef = EDC230D28C280C987C7A77FC /* Pods_SmART_FORM.framework */; };
		6812B7C720614E4600BE8BF4 /* HealthSurveyController.swift in Sources */ = {isa = PBXBuildFile; fileRef = 6812B7C620614E4600BE8BF4 /* HealthSurveyController.swift */; };
		6812B7C920614ED300BE8BF4 /* UserSurveyController.swift in Sources */ = {isa = PBXBuildFile; fileRef = 6812B7C820614ED300BE8BF4 /* UserSurveyController.swift */; };
		68484B442051231400797993 /* LaunchScreen.storyboard in Resources */ = {isa = PBXBuildFile; fileRef = 68484B312051231200797993 /* LaunchScreen.storyboard */; };
		68484B482051231400797993 /* ConsentViewController.swift in Sources */ = {isa = PBXBuildFile; fileRef = 68484B352051231300797993 /* ConsentViewController.swift */; };
		68484B492051231400797993 /* Main.storyboard in Resources */ = {isa = PBXBuildFile; fileRef = 68484B362051231300797993 /* Main.storyboard */; };
		68484B57205128AA00797993 /* TestViewController.swift in Sources */ = {isa = PBXBuildFile; fileRef = 68484B51205128A900797993 /* TestViewController.swift */; };
		68484B58205128AA00797993 /* TestCell.swift in Sources */ = {isa = PBXBuildFile; fileRef = 68484B52205128A900797993 /* TestCell.swift */; };
		68484B59205128AA00797993 /* TestsTableViewController.swift in Sources */ = {isa = PBXBuildFile; fileRef = 68484B53205128A900797993 /* TestsTableViewController.swift */; };
		68484B5A205128AA00797993 /* TabBarController.swift in Sources */ = {isa = PBXBuildFile; fileRef = 68484B54205128A900797993 /* TabBarController.swift */; };
		68484B5B205128AB00797993 /* Test.swift in Sources */ = {isa = PBXBuildFile; fileRef = 68484B55205128AA00797993 /* Test.swift */; };
		68484B5C205128AB00797993 /* TestStore.swift in Sources */ = {isa = PBXBuildFile; fileRef = 68484B56205128AA00797993 /* TestStore.swift */; };
		68484B66205128EB00797993 /* ContactViewController.swift in Sources */ = {isa = PBXBuildFile; fileRef = 68484B5D205128E800797993 /* ContactViewController.swift */; };
		68484B67205128EB00797993 /* AppDelegate.swift in Sources */ = {isa = PBXBuildFile; fileRef = 68484B5E205128E800797993 /* AppDelegate.swift */; };
		68484B68205128EB00797993 /* Assets.xcassets in Resources */ = {isa = PBXBuildFile; fileRef = 68484B5F205128E900797993 /* Assets.xcassets */; };
		68484B69205128EB00797993 /* Info.plist in Resources */ = {isa = PBXBuildFile; fileRef = 68484B60205128EA00797993 /* Info.plist */; };
		68484B6A205128EB00797993 /* AboutViewController.swift in Sources */ = {isa = PBXBuildFile; fileRef = 68484B61205128EA00797993 /* AboutViewController.swift */; };
		68484B6B205128EB00797993 /* ImageViewController.swift in Sources */ = {isa = PBXBuildFile; fileRef = 68484B62205128EB00797993 /* ImageViewController.swift */; };
		68484B6C205128EB00797993 /* Base.lproj in Resources */ = {isa = PBXBuildFile; fileRef = 68484B63205128EB00797993 /* Base.lproj */; };
		68484B6D205128EB00797993 /* CustomPhotoAlbum.swift in Sources */ = {isa = PBXBuildFile; fileRef = 68484B64205128EB00797993 /* CustomPhotoAlbum.swift */; };
		68484B6E205128EB00797993 /* CameraViewController.swift in Sources */ = {isa = PBXBuildFile; fileRef = 68484B65205128EB00797993 /* CameraViewController.swift */; };
		6860FF41206A10D90062F774 /* DataSurveyController.swift in Sources */ = {isa = PBXBuildFile; fileRef = 6860FF40206A10D90062F774 /* DataSurveyController.swift */; };
		689006671ED4B55400E81328 /* SmART_FORMTests.swift in Sources */ = {isa = PBXBuildFile; fileRef = 689006661ED4B55400E81328 /* SmART_FORMTests.swift */; };
		689006721ED4B55400E81328 /* SmART_FORMUITests.swift in Sources */ = {isa = PBXBuildFile; fileRef = 689006711ED4B55400E81328 /* SmART_FORMUITests.swift */; };
		7E556C2DE5992B0597E38DDF /* Pods_SmART_FORMTests.framework in Frameworks */ = {isa = PBXBuildFile; fileRef = E92A433D0E6606D2DEEEB0D3 /* Pods_SmART_FORMTests.framework */; };
		F5F429ACCDFB62DD494BC749 /* Pods_SmART_FORMUITests.framework in Frameworks */ = {isa = PBXBuildFile; fileRef = 21979BD990B09668C259C0C9 /* Pods_SmART_FORMUITests.framework */; };
/* End PBXBuildFile section */

/* Begin PBXContainerItemProxy section */
		689006631ED4B55400E81328 /* PBXContainerItemProxy */ = {
			isa = PBXContainerItemProxy;
			containerPortal = 689006461ED4B55300E81328 /* Project object */;
			proxyType = 1;
			remoteGlobalIDString = 6890064D1ED4B55300E81328;
			remoteInfo = "SmART-FORM";
		};
		6890066E1ED4B55400E81328 /* PBXContainerItemProxy */ = {
			isa = PBXContainerItemProxy;
			containerPortal = 689006461ED4B55300E81328 /* Project object */;
			proxyType = 1;
			remoteGlobalIDString = 6890064D1ED4B55300E81328;
			remoteInfo = "SmART-FORM";
		};
/* End PBXContainerItemProxy section */

/* Begin PBXFileReference section */
		05E570D1CB89FE63607C2979 /* Pods-SmART-FORMTests.debug.xcconfig */ = {isa = PBXFileReference; includeInIndex = 1; lastKnownFileType = text.xcconfig; name = "Pods-SmART-FORMTests.debug.xcconfig"; path = "Pods/Target Support Files/Pods-SmART-FORMTests/Pods-SmART-FORMTests.debug.xcconfig"; sourceTree = "<group>"; };
		09E486B647B8B82FABD24E1A /* Pods-SmART-FORMUITests.release.xcconfig */ = {isa = PBXFileReference; includeInIndex = 1; lastKnownFileType = text.xcconfig; name = "Pods-SmART-FORMUITests.release.xcconfig"; path = "Pods/Target Support Files/Pods-SmART-FORMUITests/Pods-SmART-FORMUITests.release.xcconfig"; sourceTree = "<group>"; };
		21979BD990B09668C259C0C9 /* Pods_SmART_FORMUITests.framework */ = {isa = PBXFileReference; explicitFileType = wrapper.framework; includeInIndex = 0; path = Pods_SmART_FORMUITests.framework; sourceTree = BUILT_PRODUCTS_DIR; };
		5ABD790FB7D9BA27A4886F9C /* Pods-SmART-FORMTests.release.xcconfig */ = {isa = PBXFileReference; includeInIndex = 1; lastKnownFileType = text.xcconfig; name = "Pods-SmART-FORMTests.release.xcconfig"; path = "Pods/Target Support Files/Pods-SmART-FORMTests/Pods-SmART-FORMTests.release.xcconfig"; sourceTree = "<group>"; };
		6812B7C620614E4600BE8BF4 /* HealthSurveyController.swift */ = {isa = PBXFileReference; lastKnownFileType = sourcecode.swift; path = HealthSurveyController.swift; sourceTree = "<group>"; };
		6812B7C820614ED300BE8BF4 /* UserSurveyController.swift */ = {isa = PBXFileReference; lastKnownFileType = sourcecode.swift; path = UserSurveyController.swift; sourceTree = "<group>"; };
		68484B312051231200797993 /* LaunchScreen.storyboard */ = {isa = PBXFileReference; fileEncoding = 4; lastKnownFileType = file.storyboard; path = LaunchScreen.storyboard; sourceTree = "<group>"; };
		68484B352051231300797993 /* ConsentViewController.swift */ = {isa = PBXFileReference; fileEncoding = 4; lastKnownFileType = sourcecode.swift; path = ConsentViewController.swift; sourceTree = "<group>"; };
		68484B362051231300797993 /* Main.storyboard */ = {isa = PBXFileReference; fileEncoding = 4; lastKnownFileType = file.storyboard; path = Main.storyboard; sourceTree = "<group>"; };
		68484B51205128A900797993 /* TestViewController.swift */ = {isa = PBXFileReference; fileEncoding = 4; lastKnownFileType = sourcecode.swift; path = TestViewController.swift; sourceTree = "<group>"; };
		68484B52205128A900797993 /* TestCell.swift */ = {isa = PBXFileReference; fileEncoding = 4; lastKnownFileType = sourcecode.swift; path = TestCell.swift; sourceTree = "<group>"; };
		68484B53205128A900797993 /* TestsTableViewController.swift */ = {isa = PBXFileReference; fileEncoding = 4; lastKnownFileType = sourcecode.swift; path = TestsTableViewController.swift; sourceTree = "<group>"; };
		68484B54205128A900797993 /* TabBarController.swift */ = {isa = PBXFileReference; fileEncoding = 4; lastKnownFileType = sourcecode.swift; path = TabBarController.swift; sourceTree = "<group>"; };
		68484B55205128AA00797993 /* Test.swift */ = {isa = PBXFileReference; fileEncoding = 4; lastKnownFileType = sourcecode.swift; path = Test.swift; sourceTree = "<group>"; };
		68484B56205128AA00797993 /* TestStore.swift */ = {isa = PBXFileReference; fileEncoding = 4; lastKnownFileType = sourcecode.swift; path = TestStore.swift; sourceTree = "<group>"; };
		68484B5D205128E800797993 /* ContactViewController.swift */ = {isa = PBXFileReference; fileEncoding = 4; lastKnownFileType = sourcecode.swift; name = ContactViewController.swift; path = "../../../../../Downloads/SmartForm/iOS/SmART-FORM/ContactViewController.swift"; sourceTree = "<group>"; };
		68484B5E205128E800797993 /* AppDelegate.swift */ = {isa = PBXFileReference; fileEncoding = 4; lastKnownFileType = sourcecode.swift; name = AppDelegate.swift; path = "../../../../../Downloads/SmartForm/iOS/SmART-FORM/AppDelegate.swift"; sourceTree = "<group>"; };
		68484B5F205128E900797993 /* Assets.xcassets */ = {isa = PBXFileReference; lastKnownFileType = folder.assetcatalog; name = Assets.xcassets; path = "../../../../../Downloads/SmartForm/iOS/SmART-FORM/Assets.xcassets"; sourceTree = "<group>"; };
		68484B60205128EA00797993 /* Info.plist */ = {isa = PBXFileReference; fileEncoding = 4; lastKnownFileType = text.plist.xml; name = Info.plist; path = "../../../../../Downloads/SmartForm/iOS/SmART-FORM/Info.plist"; sourceTree = "<group>"; };
		68484B61205128EA00797993 /* AboutViewController.swift */ = {isa = PBXFileReference; fileEncoding = 4; lastKnownFileType = sourcecode.swift; name = AboutViewController.swift; path = "../../../../../Downloads/SmartForm/iOS/SmART-FORM/AboutViewController.swift"; sourceTree = "<group>"; };
		68484B62205128EB00797993 /* ImageViewController.swift */ = {isa = PBXFileReference; fileEncoding = 4; lastKnownFileType = sourcecode.swift; name = ImageViewController.swift; path = "../../../../../Downloads/SmartForm/iOS/SmART-FORM/ImageViewController.swift"; sourceTree = "<group>"; };
		68484B63205128EB00797993 /* Base.lproj */ = {isa = PBXFileReference; lastKnownFileType = folder; name = Base.lproj; path = "../../../../../Downloads/SmartForm/iOS/SmART-FORM/Base.lproj"; sourceTree = "<group>"; };
		68484B64205128EB00797993 /* CustomPhotoAlbum.swift */ = {isa = PBXFileReference; fileEncoding = 4; lastKnownFileType = sourcecode.swift; name = CustomPhotoAlbum.swift; path = "../../../../../Downloads/SmartForm/iOS/SmART-FORM/CustomPhotoAlbum.swift"; sourceTree = "<group>"; };
		68484B65205128EB00797993 /* CameraViewController.swift */ = {isa = PBXFileReference; fileEncoding = 4; lastKnownFileType = sourcecode.swift; name = CameraViewController.swift; path = "../../../../../Downloads/SmartForm/iOS/SmART-FORM/CameraViewController.swift"; sourceTree = "<group>"; };
		6860FF40206A10D90062F774 /* DataSurveyController.swift */ = {isa = PBXFileReference; lastKnownFileType = sourcecode.swift; path = DataSurveyController.swift; sourceTree = "<group>"; };
		6890064E1ED4B55300E81328 /* SmART-FORM.app */ = {isa = PBXFileReference; explicitFileType = wrapper.application; includeInIndex = 0; path = "SmART-FORM.app"; sourceTree = BUILT_PRODUCTS_DIR; };
		689006621ED4B55400E81328 /* SmART-FORMTests.xctest */ = {isa = PBXFileReference; explicitFileType = wrapper.cfbundle; includeInIndex = 0; path = "SmART-FORMTests.xctest"; sourceTree = BUILT_PRODUCTS_DIR; };
		689006661ED4B55400E81328 /* SmART_FORMTests.swift */ = {isa = PBXFileReference; lastKnownFileType = sourcecode.swift; path = SmART_FORMTests.swift; sourceTree = "<group>"; };
		689006681ED4B55400E81328 /* Info.plist */ = {isa = PBXFileReference; lastKnownFileType = text.plist.xml; path = Info.plist; sourceTree = "<group>"; };
		6890066D1ED4B55400E81328 /* SmART-FORMUITests.xctest */ = {isa = PBXFileReference; explicitFileType = wrapper.cfbundle; includeInIndex = 0; path = "SmART-FORMUITests.xctest"; sourceTree = BUILT_PRODUCTS_DIR; };
		689006711ED4B55400E81328 /* SmART_FORMUITests.swift */ = {isa = PBXFileReference; lastKnownFileType = sourcecode.swift; path = SmART_FORMUITests.swift; sourceTree = "<group>"; };
		689006731ED4B55400E81328 /* Info.plist */ = {isa = PBXFileReference; lastKnownFileType = text.plist.xml; path = Info.plist; sourceTree = "<group>"; };
		772657D79D1ABD0F77B4BA6B /* Pods-SmART-FORM.debug.xcconfig */ = {isa = PBXFileReference; includeInIndex = 1; lastKnownFileType = text.xcconfig; name = "Pods-SmART-FORM.debug.xcconfig"; path = "Pods/Target Support Files/Pods-SmART-FORM/Pods-SmART-FORM.debug.xcconfig"; sourceTree = "<group>"; };
		83584B784AF8CF07B95FA223 /* Pods-SmART-FORMUITests.debug.xcconfig */ = {isa = PBXFileReference; includeInIndex = 1; lastKnownFileType = text.xcconfig; name = "Pods-SmART-FORMUITests.debug.xcconfig"; path = "Pods/Target Support Files/Pods-SmART-FORMUITests/Pods-SmART-FORMUITests.debug.xcconfig"; sourceTree = "<group>"; };
		E92A433D0E6606D2DEEEB0D3 /* Pods_SmART_FORMTests.framework */ = {isa = PBXFileReference; explicitFileType = wrapper.framework; includeInIndex = 0; path = Pods_SmART_FORMTests.framework; sourceTree = BUILT_PRODUCTS_DIR; };
		EDC230D28C280C987C7A77FC /* Pods_SmART_FORM.framework */ = {isa = PBXFileReference; explicitFileType = wrapper.framework; includeInIndex = 0; path = Pods_SmART_FORM.framework; sourceTree = BUILT_PRODUCTS_DIR; };
		EE2159199872DF2381560099 /* Pods-SmART-FORM.release.xcconfig */ = {isa = PBXFileReference; includeInIndex = 1; lastKnownFileType = text.xcconfig; name = "Pods-SmART-FORM.release.xcconfig"; path = "Pods/Target Support Files/Pods-SmART-FORM/Pods-SmART-FORM.release.xcconfig"; sourceTree = "<group>"; };
/* End PBXFileReference section */

/* Begin PBXFrameworksBuildPhase section */
		6890064B1ED4B55300E81328 /* Frameworks */ = {
			isa = PBXFrameworksBuildPhase;
			buildActionMask = 2147483647;
			files = (
				1F1110233D4095711C954BE8 /* Pods_SmART_FORM.framework in Frameworks */,
			);
			runOnlyForDeploymentPostprocessing = 0;
		};
		6890065F1ED4B55400E81328 /* Frameworks */ = {
			isa = PBXFrameworksBuildPhase;
			buildActionMask = 2147483647;
			files = (
				7E556C2DE5992B0597E38DDF /* Pods_SmART_FORMTests.framework in Frameworks */,
			);
			runOnlyForDeploymentPostprocessing = 0;
		};
		6890066A1ED4B55400E81328 /* Frameworks */ = {
			isa = PBXFrameworksBuildPhase;
			buildActionMask = 2147483647;
			files = (
				F5F429ACCDFB62DD494BC749 /* Pods_SmART_FORMUITests.framework in Frameworks */,
			);
			runOnlyForDeploymentPostprocessing = 0;
		};
/* End PBXFrameworksBuildPhase section */

/* Begin PBXGroup section */
		48F4D4EC61F440C7116692DF /* Pods */ = {
			isa = PBXGroup;
			children = (
				772657D79D1ABD0F77B4BA6B /* Pods-SmART-FORM.debug.xcconfig */,
				EE2159199872DF2381560099 /* Pods-SmART-FORM.release.xcconfig */,
				05E570D1CB89FE63607C2979 /* Pods-SmART-FORMTests.debug.xcconfig */,
				5ABD790FB7D9BA27A4886F9C /* Pods-SmART-FORMTests.release.xcconfig */,
				83584B784AF8CF07B95FA223 /* Pods-SmART-FORMUITests.debug.xcconfig */,
				09E486B647B8B82FABD24E1A /* Pods-SmART-FORMUITests.release.xcconfig */,
			);
			name = Pods;
			sourceTree = "<group>";
		};
		689006451ED4B55300E81328 = {
			isa = PBXGroup;
			children = (
				689006501ED4B55300E81328 /* SmART-FORM */,
				689006651ED4B55400E81328 /* SmART-FORMTests */,
				689006701ED4B55400E81328 /* SmART-FORMUITests */,
				6890064F1ED4B55300E81328 /* Products */,
				48F4D4EC61F440C7116692DF /* Pods */,
				98F353B1D433FECCA90BBD95 /* Frameworks */,
			);
			sourceTree = "<group>";
		};
		6890064F1ED4B55300E81328 /* Products */ = {
			isa = PBXGroup;
			children = (
				6890064E1ED4B55300E81328 /* SmART-FORM.app */,
				689006621ED4B55400E81328 /* SmART-FORMTests.xctest */,
				6890066D1ED4B55400E81328 /* SmART-FORMUITests.xctest */,
			);
			name = Products;
			sourceTree = "<group>";
		};
		689006501ED4B55300E81328 /* SmART-FORM */ = {
			isa = PBXGroup;
			children = (
				68484B61205128EA00797993 /* AboutViewController.swift */,
				6812B7C620614E4600BE8BF4 /* HealthSurveyController.swift */,
				6812B7C820614ED300BE8BF4 /* UserSurveyController.swift */,
				6860FF40206A10D90062F774 /* DataSurveyController.swift */,
				68484B5E205128E800797993 /* AppDelegate.swift */,
				68484B5F205128E900797993 /* Assets.xcassets */,
				68484B63205128EB00797993 /* Base.lproj */,
				68484B65205128EB00797993 /* CameraViewController.swift */,
				68484B5D205128E800797993 /* ContactViewController.swift */,
				68484B64205128EB00797993 /* CustomPhotoAlbum.swift */,
				68484B62205128EB00797993 /* ImageViewController.swift */,
				68484B60205128EA00797993 /* Info.plist */,
				68484B352051231300797993 /* ConsentViewController.swift */,
				68484B312051231200797993 /* LaunchScreen.storyboard */,
				68484B362051231300797993 /* Main.storyboard */,
				68484B54205128A900797993 /* TabBarController.swift */,
				68484B55205128AA00797993 /* Test.swift */,
				68484B52205128A900797993 /* TestCell.swift */,
				68484B53205128A900797993 /* TestsTableViewController.swift */,
				68484B56205128AA00797993 /* TestStore.swift */,
				68484B51205128A900797993 /* TestViewController.swift */,
			);
			path = "SmART-FORM";
			sourceTree = "<group>";
		};
		689006651ED4B55400E81328 /* SmART-FORMTests */ = {
			isa = PBXGroup;
			children = (
				689006661ED4B55400E81328 /* SmART_FORMTests.swift */,
				689006681ED4B55400E81328 /* Info.plist */,
			);
			path = "SmART-FORMTests";
			sourceTree = "<group>";
		};
		689006701ED4B55400E81328 /* SmART-FORMUITests */ = {
			isa = PBXGroup;
			children = (
				689006711ED4B55400E81328 /* SmART_FORMUITests.swift */,
				689006731ED4B55400E81328 /* Info.plist */,
			);
			path = "SmART-FORMUITests";
			sourceTree = "<group>";
		};
		98F353B1D433FECCA90BBD95 /* Frameworks */ = {
			isa = PBXGroup;
			children = (
				EDC230D28C280C987C7A77FC /* Pods_SmART_FORM.framework */,
				E92A433D0E6606D2DEEEB0D3 /* Pods_SmART_FORMTests.framework */,
				21979BD990B09668C259C0C9 /* Pods_SmART_FORMUITests.framework */,
			);
			name = Frameworks;
			sourceTree = "<group>";
		};
/* End PBXGroup section */

/* Begin PBXNativeTarget section */
		6890064D1ED4B55300E81328 /* SmART-FORM */ = {
			isa = PBXNativeTarget;
			buildConfigurationList = 689006761ED4B55400E81328 /* Build configuration list for PBXNativeTarget "SmART-FORM" */;
			buildPhases = (
				69FA19F69ABB093F5D4F4E97 /* [CP] Check Pods Manifest.lock */,
				6890064A1ED4B55300E81328 /* Sources */,
				6890064B1ED4B55300E81328 /* Frameworks */,
				6890064C1ED4B55300E81328 /* Resources */,
				D42CDAB06E5854E35C4D9219 /* [CP] Embed Pods Frameworks */,
				D05A099CC379A23C51C5BBB9 /* [CP] Copy Pods Resources */,
			);
			buildRules = (
			);
			dependencies = (
			);
			name = "SmART-FORM";
			productName = "SmART-FORM";
			productReference = 6890064E1ED4B55300E81328 /* SmART-FORM.app */;
			productType = "com.apple.product-type.application";
		};
		689006611ED4B55400E81328 /* SmART-FORMTests */ = {
			isa = PBXNativeTarget;
			buildConfigurationList = 689006791ED4B55400E81328 /* Build configuration list for PBXNativeTarget "SmART-FORMTests" */;
			buildPhases = (
				BDBF876263349B3131AFFDA2 /* [CP] Check Pods Manifest.lock */,
				6890065E1ED4B55400E81328 /* Sources */,
				6890065F1ED4B55400E81328 /* Frameworks */,
				689006601ED4B55400E81328 /* Resources */,
				5899F012274E11712278668D /* [CP] Embed Pods Frameworks */,
				52ACEC075FC78CBA4A98A9CF /* [CP] Copy Pods Resources */,
			);
			buildRules = (
			);
			dependencies = (
				689006641ED4B55400E81328 /* PBXTargetDependency */,
			);
			name = "SmART-FORMTests";
			productName = "SmART-FORMTests";
			productReference = 689006621ED4B55400E81328 /* SmART-FORMTests.xctest */;
			productType = "com.apple.product-type.bundle.unit-test";
		};
		6890066C1ED4B55400E81328 /* SmART-FORMUITests */ = {
			isa = PBXNativeTarget;
			buildConfigurationList = 6890067C1ED4B55400E81328 /* Build configuration list for PBXNativeTarget "SmART-FORMUITests" */;
			buildPhases = (
				F7FEBC4A10B323983E94E757 /* [CP] Check Pods Manifest.lock */,
				689006691ED4B55400E81328 /* Sources */,
				6890066A1ED4B55400E81328 /* Frameworks */,
				6890066B1ED4B55400E81328 /* Resources */,
				F9635B2BEA9B6F687023D3DB /* [CP] Embed Pods Frameworks */,
				9136EFF6898C648360F2B411 /* [CP] Copy Pods Resources */,
			);
			buildRules = (
			);
			dependencies = (
				6890066F1ED4B55400E81328 /* PBXTargetDependency */,
			);
			name = "SmART-FORMUITests";
			productName = "SmART-FORMUITests";
			productReference = 6890066D1ED4B55400E81328 /* SmART-FORMUITests.xctest */;
			productType = "com.apple.product-type.bundle.ui-testing";
		};
/* End PBXNativeTarget section */

/* Begin PBXProject section */
		689006461ED4B55300E81328 /* Project object */ = {
			isa = PBXProject;
			attributes = {
				LastSwiftUpdateCheck = 0830;
				LastUpgradeCheck = 0830;
				ORGANIZATIONNAME = "Siyang Zhang";
				TargetAttributes = {
					6890064D1ED4B55300E81328 = {
						CreatedOnToolsVersion = 8.3;
						DevelopmentTeam = LTYWXUY99M;
						LastSwiftMigration = 0920;
						ProvisioningStyle = Automatic;
					};
					689006611ED4B55400E81328 = {
						CreatedOnToolsVersion = 8.3;
						DevelopmentTeam = LTYWXUY99M;
						ProvisioningStyle = Automatic;
						TestTargetID = 6890064D1ED4B55300E81328;
					};
					6890066C1ED4B55400E81328 = {
						CreatedOnToolsVersion = 8.3;
						DevelopmentTeam = LTYWXUY99M;
						ProvisioningStyle = Automatic;
						TestTargetID = 6890064D1ED4B55300E81328;
					};
				};
			};
			buildConfigurationList = 689006491ED4B55300E81328 /* Build configuration list for PBXProject "SmART-FORM" */;
			compatibilityVersion = "Xcode 3.2";
			developmentRegion = English;
			hasScannedForEncodings = 0;
			knownRegions = (
				en,
				Base,
			);
			mainGroup = 689006451ED4B55300E81328;
			productRefGroup = 6890064F1ED4B55300E81328 /* Products */;
			projectDirPath = "";
			projectRoot = "";
			targets = (
				6890064D1ED4B55300E81328 /* SmART-FORM */,
				689006611ED4B55400E81328 /* SmART-FORMTests */,
				6890066C1ED4B55400E81328 /* SmART-FORMUITests */,
			);
		};
/* End PBXProject section */

/* Begin PBXResourcesBuildPhase section */
		6890064C1ED4B55300E81328 /* Resources */ = {
			isa = PBXResourcesBuildPhase;
			buildActionMask = 2147483647;
			files = (
				68484B69205128EB00797993 /* Info.plist in Resources */,
				68484B442051231400797993 /* LaunchScreen.storyboard in Resources */,
				68484B6C205128EB00797993 /* Base.lproj in Resources */,
				68484B68205128EB00797993 /* Assets.xcassets in Resources */,
				68484B492051231400797993 /* Main.storyboard in Resources */,
			);
			runOnlyForDeploymentPostprocessing = 0;
		};
		689006601ED4B55400E81328 /* Resources */ = {
			isa = PBXResourcesBuildPhase;
			buildActionMask = 2147483647;
			files = (
			);
			runOnlyForDeploymentPostprocessing = 0;
		};
		6890066B1ED4B55400E81328 /* Resources */ = {
			isa = PBXResourcesBuildPhase;
			buildActionMask = 2147483647;
			files = (
			);
			runOnlyForDeploymentPostprocessing = 0;
		};
/* End PBXResourcesBuildPhase section */

/* Begin PBXShellScriptBuildPhase section */
		52ACEC075FC78CBA4A98A9CF /* [CP] Copy Pods Resources */ = {
			isa = PBXShellScriptBuildPhase;
			buildActionMask = 2147483647;
			files = (
			);
			inputPaths = (
			);
			name = "[CP] Copy Pods Resources";
			outputPaths = (
			);
			runOnlyForDeploymentPostprocessing = 0;
			shellPath = /bin/sh;
			shellScript = "\"${SRCROOT}/Pods/Target Support Files/Pods-SmART-FORMTests/Pods-SmART-FORMTests-resources.sh\"\n";
			showEnvVarsInLog = 0;
		};
		5899F012274E11712278668D /* [CP] Embed Pods Frameworks */ = {
			isa = PBXShellScriptBuildPhase;
			buildActionMask = 2147483647;
			files = (
			);
			inputPaths = (
			);
			name = "[CP] Embed Pods Frameworks";
			outputPaths = (
			);
			runOnlyForDeploymentPostprocessing = 0;
			shellPath = /bin/sh;
			shellScript = "\"${SRCROOT}/Pods/Target Support Files/Pods-SmART-FORMTests/Pods-SmART-FORMTests-frameworks.sh\"\n";
			showEnvVarsInLog = 0;
		};
		69FA19F69ABB093F5D4F4E97 /* [CP] Check Pods Manifest.lock */ = {
			isa = PBXShellScriptBuildPhase;
			buildActionMask = 2147483647;
			files = (
			);
			inputPaths = (
			);
			name = "[CP] Check Pods Manifest.lock";
			outputPaths = (
			);
			runOnlyForDeploymentPostprocessing = 0;
			shellPath = /bin/sh;
			shellScript = "diff \"${PODS_PODFILE_DIR_PATH}/Podfile.lock\" \"${PODS_ROOT}/Manifest.lock\" > /dev/null\nif [ $? != 0 ] ; then\n    # print error to STDERR\n    echo \"error: The sandbox is not in sync with the Podfile.lock. Run 'pod install' or update your CocoaPods installation.\" >&2\n    exit 1\nfi\n";
			showEnvVarsInLog = 0;
		};
		9136EFF6898C648360F2B411 /* [CP] Copy Pods Resources */ = {
			isa = PBXShellScriptBuildPhase;
			buildActionMask = 2147483647;
			files = (
			);
			inputPaths = (
			);
			name = "[CP] Copy Pods Resources";
			outputPaths = (
			);
			runOnlyForDeploymentPostprocessing = 0;
			shellPath = /bin/sh;
			shellScript = "\"${SRCROOT}/Pods/Target Support Files/Pods-SmART-FORMUITests/Pods-SmART-FORMUITests-resources.sh\"\n";
			showEnvVarsInLog = 0;
		};
		BDBF876263349B3131AFFDA2 /* [CP] Check Pods Manifest.lock */ = {
			isa = PBXShellScriptBuildPhase;
			buildActionMask = 2147483647;
			files = (
			);
			inputPaths = (
			);
			name = "[CP] Check Pods Manifest.lock";
			outputPaths = (
			);
			runOnlyForDeploymentPostprocessing = 0;
			shellPath = /bin/sh;
			shellScript = "diff \"${PODS_PODFILE_DIR_PATH}/Podfile.lock\" \"${PODS_ROOT}/Manifest.lock\" > /dev/null\nif [ $? != 0 ] ; then\n    # print error to STDERR\n    echo \"error: The sandbox is not in sync with the Podfile.lock. Run 'pod install' or update your CocoaPods installation.\" >&2\n    exit 1\nfi\n";
			showEnvVarsInLog = 0;
		};
		D05A099CC379A23C51C5BBB9 /* [CP] Copy Pods Resources */ = {
			isa = PBXShellScriptBuildPhase;
			buildActionMask = 2147483647;
			files = (
			);
			inputPaths = (
			);
			name = "[CP] Copy Pods Resources";
			outputPaths = (
			);
			runOnlyForDeploymentPostprocessing = 0;
			shellPath = /bin/sh;
			shellScript = "\"${SRCROOT}/Pods/Target Support Files/Pods-SmART-FORM/Pods-SmART-FORM-resources.sh\"\n";
			showEnvVarsInLog = 0;
		};
		D42CDAB06E5854E35C4D9219 /* [CP] Embed Pods Frameworks */ = {
			isa = PBXShellScriptBuildPhase;
			buildActionMask = 2147483647;
			files = (
			);
			inputPaths = (
			);
			name = "[CP] Embed Pods Frameworks";
			outputPaths = (
			);
			runOnlyForDeploymentPostprocessing = 0;
			shellPath = /bin/sh;
			shellScript = "\"${SRCROOT}/Pods/Target Support Files/Pods-SmART-FORM/Pods-SmART-FORM-frameworks.sh\"\n";
			showEnvVarsInLog = 0;
		};
		F7FEBC4A10B323983E94E757 /* [CP] Check Pods Manifest.lock */ = {
			isa = PBXShellScriptBuildPhase;
			buildActionMask = 2147483647;
			files = (
			);
			inputPaths = (
			);
			name = "[CP] Check Pods Manifest.lock";
			outputPaths = (
			);
			runOnlyForDeploymentPostprocessing = 0;
			shellPath = /bin/sh;
			shellScript = "diff \"${PODS_PODFILE_DIR_PATH}/Podfile.lock\" \"${PODS_ROOT}/Manifest.lock\" > /dev/null\nif [ $? != 0 ] ; then\n    # print error to STDERR\n    echo \"error: The sandbox is not in sync with the Podfile.lock. Run 'pod install' or update your CocoaPods installation.\" >&2\n    exit 1\nfi\n";
			showEnvVarsInLog = 0;
		};
		F9635B2BEA9B6F687023D3DB /* [CP] Embed Pods Frameworks */ = {
			isa = PBXShellScriptBuildPhase;
			buildActionMask = 2147483647;
			files = (
			);
			inputPaths = (
			);
			name = "[CP] Embed Pods Frameworks";
			outputPaths = (
			);
			runOnlyForDeploymentPostprocessing = 0;
			shellPath = /bin/sh;
			shellScript = "\"${SRCROOT}/Pods/Target Support Files/Pods-SmART-FORMUITests/Pods-SmART-FORMUITests-frameworks.sh\"\n";
			showEnvVarsInLog = 0;
		};
/* End PBXShellScriptBuildPhase section */

/* Begin PBXSourcesBuildPhase section */
		6890064A1ED4B55300E81328 /* Sources */ = {
			isa = PBXSourcesBuildPhase;
			buildActionMask = 2147483647;
			files = (
				68484B5C205128AB00797993 /* TestStore.swift in Sources */,
				6860FF41206A10D90062F774 /* DataSurveyController.swift in Sources */,
				68484B66205128EB00797993 /* ContactViewController.swift in Sources */,
				68484B5B205128AB00797993 /* Test.swift in Sources */,
				68484B6D205128EB00797993 /* CustomPhotoAlbum.swift in Sources */,
				68484B6E205128EB00797993 /* CameraViewController.swift in Sources */,
				68484B67205128EB00797993 /* AppDelegate.swift in Sources */,
				6812B7C920614ED300BE8BF4 /* UserSurveyController.swift in Sources */,
				68484B59205128AA00797993 /* TestsTableViewController.swift in Sources */,
				68484B58205128AA00797993 /* TestCell.swift in Sources */,
				68484B5A205128AA00797993 /* TabBarController.swift in Sources */,
				6812B7C720614E4600BE8BF4 /* HealthSurveyController.swift in Sources */,
				68484B57205128AA00797993 /* TestViewController.swift in Sources */,
				68484B6A205128EB00797993 /* AboutViewController.swift in Sources */,
				68484B6B205128EB00797993 /* ImageViewController.swift in Sources */,
				68484B482051231400797993 /* ConsentViewController.swift in Sources */,
			);
			runOnlyForDeploymentPostprocessing = 0;
		};
		6890065E1ED4B55400E81328 /* Sources */ = {
			isa = PBXSourcesBuildPhase;
			buildActionMask = 2147483647;
			files = (
				689006671ED4B55400E81328 /* SmART_FORMTests.swift in Sources */,
			);
			runOnlyForDeploymentPostprocessing = 0;
		};
		689006691ED4B55400E81328 /* Sources */ = {
			isa = PBXSourcesBuildPhase;
			buildActionMask = 2147483647;
			files = (
				689006721ED4B55400E81328 /* SmART_FORMUITests.swift in Sources */,
			);
			runOnlyForDeploymentPostprocessing = 0;
		};
/* End PBXSourcesBuildPhase section */

/* Begin PBXTargetDependency section */
		689006641ED4B55400E81328 /* PBXTargetDependency */ = {
			isa = PBXTargetDependency;
			target = 6890064D1ED4B55300E81328 /* SmART-FORM */;
			targetProxy = 689006631ED4B55400E81328 /* PBXContainerItemProxy */;
		};
		6890066F1ED4B55400E81328 /* PBXTargetDependency */ = {
			isa = PBXTargetDependency;
			target = 6890064D1ED4B55300E81328 /* SmART-FORM */;
			targetProxy = 6890066E1ED4B55400E81328 /* PBXContainerItemProxy */;
		};
/* End PBXTargetDependency section */

/* Begin XCBuildConfiguration section */
		689006741ED4B55400E81328 /* Debug */ = {
			isa = XCBuildConfiguration;
			buildSettings = {
				ALWAYS_SEARCH_USER_PATHS = NO;
				CLANG_ANALYZER_NONNULL = YES;
				CLANG_ANALYZER_NUMBER_OBJECT_CONVERSION = YES_AGGRESSIVE;
				CLANG_CXX_LANGUAGE_STANDARD = "gnu++0x";
				CLANG_CXX_LIBRARY = "libc++";
				CLANG_ENABLE_MODULES = YES;
				CLANG_ENABLE_OBJC_ARC = YES;
				CLANG_WARN_BOOL_CONVERSION = YES;
				CLANG_WARN_CONSTANT_CONVERSION = YES;
				CLANG_WARN_DIRECT_OBJC_ISA_USAGE = YES_ERROR;
				CLANG_WARN_DOCUMENTATION_COMMENTS = YES;
				CLANG_WARN_EMPTY_BODY = YES;
				CLANG_WARN_ENUM_CONVERSION = YES;
				CLANG_WARN_INFINITE_RECURSION = YES;
				CLANG_WARN_INT_CONVERSION = YES;
				CLANG_WARN_OBJC_ROOT_CLASS = YES_ERROR;
				CLANG_WARN_SUSPICIOUS_MOVE = YES;
				CLANG_WARN_UNREACHABLE_CODE = YES;
				CLANG_WARN__DUPLICATE_METHOD_MATCH = YES;
				"CODE_SIGN_IDENTITY[sdk=iphoneos*]" = "iPhone Developer";
				COPY_PHASE_STRIP = NO;
				DEBUG_INFORMATION_FORMAT = dwarf;
				ENABLE_STRICT_OBJC_MSGSEND = YES;
				ENABLE_TESTABILITY = YES;
				GCC_C_LANGUAGE_STANDARD = gnu99;
				GCC_DYNAMIC_NO_PIC = NO;
				GCC_NO_COMMON_BLOCKS = YES;
				GCC_OPTIMIZATION_LEVEL = 0;
				GCC_PREPROCESSOR_DEFINITIONS = (
					"DEBUG=1",
					"$(inherited)",
				);
				GCC_WARN_64_TO_32_BIT_CONVERSION = YES;
				GCC_WARN_ABOUT_RETURN_TYPE = YES_ERROR;
				GCC_WARN_UNDECLARED_SELECTOR = YES;
				GCC_WARN_UNINITIALIZED_AUTOS = YES_AGGRESSIVE;
				GCC_WARN_UNUSED_FUNCTION = YES;
				GCC_WARN_UNUSED_VARIABLE = YES;
				IPHONEOS_DEPLOYMENT_TARGET = 10.3;
				MTL_ENABLE_DEBUG_INFO = YES;
				ONLY_ACTIVE_ARCH = YES;
				SDKROOT = iphoneos;
				SWIFT_ACTIVE_COMPILATION_CONDITIONS = DEBUG;
				SWIFT_OPTIMIZATION_LEVEL = "-Onone";
			};
			name = Debug;
		};
		689006751ED4B55400E81328 /* Release */ = {
			isa = XCBuildConfiguration;
			buildSettings = {
				ALWAYS_SEARCH_USER_PATHS = NO;
				CLANG_ANALYZER_NONNULL = YES;
				CLANG_ANALYZER_NUMBER_OBJECT_CONVERSION = YES_AGGRESSIVE;
				CLANG_CXX_LANGUAGE_STANDARD = "gnu++0x";
				CLANG_CXX_LIBRARY = "libc++";
				CLANG_ENABLE_MODULES = YES;
				CLANG_ENABLE_OBJC_ARC = YES;
				CLANG_WARN_BOOL_CONVERSION = YES;
				CLANG_WARN_CONSTANT_CONVERSION = YES;
				CLANG_WARN_DIRECT_OBJC_ISA_USAGE = YES_ERROR;
				CLANG_WARN_DOCUMENTATION_COMMENTS = YES;
				CLANG_WARN_EMPTY_BODY = YES;
				CLANG_WARN_ENUM_CONVERSION = YES;
				CLANG_WARN_INFINITE_RECURSION = YES;
				CLANG_WARN_INT_CONVERSION = YES;
				CLANG_WARN_OBJC_ROOT_CLASS = YES_ERROR;
				CLANG_WARN_SUSPICIOUS_MOVE = YES;
				CLANG_WARN_UNREACHABLE_CODE = YES;
				CLANG_WARN__DUPLICATE_METHOD_MATCH = YES;
				"CODE_SIGN_IDENTITY[sdk=iphoneos*]" = "iPhone Developer";
				COPY_PHASE_STRIP = NO;
				DEBUG_INFORMATION_FORMAT = "dwarf-with-dsym";
				ENABLE_NS_ASSERTIONS = NO;
				ENABLE_STRICT_OBJC_MSGSEND = YES;
				GCC_C_LANGUAGE_STANDARD = gnu99;
				GCC_NO_COMMON_BLOCKS = YES;
				GCC_WARN_64_TO_32_BIT_CONVERSION = YES;
				GCC_WARN_ABOUT_RETURN_TYPE = YES_ERROR;
				GCC_WARN_UNDECLARED_SELECTOR = YES;
				GCC_WARN_UNINITIALIZED_AUTOS = YES_AGGRESSIVE;
				GCC_WARN_UNUSED_FUNCTION = YES;
				GCC_WARN_UNUSED_VARIABLE = YES;
				IPHONEOS_DEPLOYMENT_TARGET = 10.3;
				MTL_ENABLE_DEBUG_INFO = NO;
				SDKROOT = iphoneos;
				SWIFT_OPTIMIZATION_LEVEL = "-Owholemodule";
				VALIDATE_PRODUCT = YES;
			};
			name = Release;
		};
		689006771ED4B55400E81328 /* Debug */ = {
			isa = XCBuildConfiguration;
			baseConfigurationReference = 772657D79D1ABD0F77B4BA6B /* Pods-SmART-FORM.debug.xcconfig */;
			buildSettings = {
				ASSETCATALOG_COMPILER_APPICON_NAME = AppIcon;
				CLANG_ENABLE_MODULES = YES;
				DEVELOPMENT_TEAM = LTYWXUY99M;
				ENABLE_BITCODE = NO;
				INFOPLIST_FILE = "SmART-FORM/Info.plist";
				LD_RUNPATH_SEARCH_PATHS = "$(inherited) @executable_path/Frameworks";
				MACH_O_TYPE = mh_execute;
				PRODUCT_BUNDLE_IDENTIFIER = "Shane.SmART-FORM";
				PRODUCT_NAME = "$(TARGET_NAME)";
				SWIFT_OBJC_BRIDGING_HEADER = "SmART-FORM/SmART-FORM-Bridging-Header.h";
				SWIFT_OPTIMIZATION_LEVEL = "-Onone";
				SWIFT_VERSION = 3.0;
			};
			name = Debug;
		};
		689006781ED4B55400E81328 /* Release */ = {
			isa = XCBuildConfiguration;
			baseConfigurationReference = EE2159199872DF2381560099 /* Pods-SmART-FORM.release.xcconfig */;
			buildSettings = {
				ASSETCATALOG_COMPILER_APPICON_NAME = AppIcon;
				CLANG_ENABLE_MODULES = YES;
				DEVELOPMENT_TEAM = LTYWXUY99M;
				ENABLE_BITCODE = NO;
				INFOPLIST_FILE = "SmART-FORM/Info.plist";
				LD_RUNPATH_SEARCH_PATHS = "$(inherited) @executable_path/Frameworks";
				MACH_O_TYPE = mh_execute;
				PRODUCT_BUNDLE_IDENTIFIER = "Shane.SmART-FORM";
				PRODUCT_NAME = "$(TARGET_NAME)";
				SWIFT_OBJC_BRIDGING_HEADER = "SmART-FORM/SmART-FORM-Bridging-Header.h";
				SWIFT_VERSION = 3.0;
			};
			name = Release;
		};
		6890067A1ED4B55400E81328 /* Debug */ = {
			isa = XCBuildConfiguration;
			baseConfigurationReference = 05E570D1CB89FE63607C2979 /* Pods-SmART-FORMTests.debug.xcconfig */;
			buildSettings = {
				ALWAYS_EMBED_SWIFT_STANDARD_LIBRARIES = YES;
				BUNDLE_LOADER = "$(TEST_HOST)";
				DEVELOPMENT_TEAM = LTYWXUY99M;
				INFOPLIST_FILE = "SmART-FORMTests/Info.plist";
				LD_RUNPATH_SEARCH_PATHS = "$(inherited) @executable_path/Frameworks @loader_path/Frameworks";
				PRODUCT_BUNDLE_IDENTIFIER = "Shane.SmART-FORMTests";
				PRODUCT_NAME = "$(TARGET_NAME)";
				SWIFT_VERSION = 3.0;
				TEST_HOST = "$(BUILT_PRODUCTS_DIR)/SmART-FORM.app/SmART-FORM";
			};
			name = Debug;
		};
		6890067B1ED4B55400E81328 /* Release */ = {
			isa = XCBuildConfiguration;
			baseConfigurationReference = 5ABD790FB7D9BA27A4886F9C /* Pods-SmART-FORMTests.release.xcconfig */;
			buildSettings = {
				ALWAYS_EMBED_SWIFT_STANDARD_LIBRARIES = YES;
				BUNDLE_LOADER = "$(TEST_HOST)";
				DEVELOPMENT_TEAM = LTYWXUY99M;
				INFOPLIST_FILE = "SmART-FORMTests/Info.plist";
				LD_RUNPATH_SEARCH_PATHS = "$(inherited) @executable_path/Frameworks @loader_path/Frameworks";
				PRODUCT_BUNDLE_IDENTIFIER = "Shane.SmART-FORMTests";
				PRODUCT_NAME = "$(TARGET_NAME)";
				SWIFT_VERSION = 3.0;
				TEST_HOST = "$(BUILT_PRODUCTS_DIR)/SmART-FORM.app/SmART-FORM";
			};
			name = Release;
		};
		6890067D1ED4B55400E81328 /* Debug */ = {
			isa = XCBuildConfiguration;
			baseConfigurationReference = 83584B784AF8CF07B95FA223 /* Pods-SmART-FORMUITests.debug.xcconfig */;
			buildSettings = {
				ALWAYS_EMBED_SWIFT_STANDARD_LIBRARIES = YES;
				DEVELOPMENT_TEAM = LTYWXUY99M;
				INFOPLIST_FILE = "SmART-FORMUITests/Info.plist";
				LD_RUNPATH_SEARCH_PATHS = "$(inherited) @executable_path/Frameworks @loader_path/Frameworks";
				PRODUCT_BUNDLE_IDENTIFIER = "Shane.SmART-FORMUITests";
				PRODUCT_NAME = "$(TARGET_NAME)";
				SWIFT_VERSION = 3.0;
				TEST_TARGET_NAME = "SmART-FORM";
			};
			name = Debug;
		};
		6890067E1ED4B55400E81328 /* Release */ = {
			isa = XCBuildConfiguration;
			baseConfigurationReference = 09E486B647B8B82FABD24E1A /* Pods-SmART-FORMUITests.release.xcconfig */;
			buildSettings = {
				ALWAYS_EMBED_SWIFT_STANDARD_LIBRARIES = YES;
				DEVELOPMENT_TEAM = LTYWXUY99M;
				INFOPLIST_FILE = "SmART-FORMUITests/Info.plist";
				LD_RUNPATH_SEARCH_PATHS = "$(inherited) @executable_path/Frameworks @loader_path/Frameworks";
				PRODUCT_BUNDLE_IDENTIFIER = "Shane.SmART-FORMUITests";
				PRODUCT_NAME = "$(TARGET_NAME)";
				SWIFT_VERSION = 3.0;
				TEST_TARGET_NAME = "SmART-FORM";
			};
			name = Release;
		};
/* End XCBuildConfiguration section */

/* Begin XCConfigurationList section */
		689006491ED4B55300E81328 /* Build configuration list for PBXProject "SmART-FORM" */ = {
			isa = XCConfigurationList;
			buildConfigurations = (
				689006741ED4B55400E81328 /* Debug */,
				689006751ED4B55400E81328 /* Release */,
			);
			defaultConfigurationIsVisible = 0;
			defaultConfigurationName = Release;
		};
		689006761ED4B55400E81328 /* Build configuration list for PBXNativeTarget "SmART-FORM" */ = {
			isa = XCConfigurationList;
			buildConfigurations = (
				689006771ED4B55400E81328 /* Debug */,
				689006781ED4B55400E81328 /* Release */,
			);
			defaultConfigurationIsVisible = 0;
			defaultConfigurationName = Release;
		};
		689006791ED4B55400E81328 /* Build configuration list for PBXNativeTarget "SmART-FORMTests" */ = {
			isa = XCConfigurationList;
			buildConfigurations = (
				6890067A1ED4B55400E81328 /* Debug */,
				6890067B1ED4B55400E81328 /* Release */,
			);
			defaultConfigurationIsVisible = 0;
			defaultConfigurationName = Release;
		};
		6890067C1ED4B55400E81328 /* Build configuration list for PBXNativeTarget "SmART-FORMUITests" */ = {
			isa = XCConfigurationList;
			buildConfigurations = (
				6890067D1ED4B55400E81328 /* Debug */,
				6890067E1ED4B55400E81328 /* Release */,
			);
			defaultConfigurationIsVisible = 0;
			defaultConfigurationName = Release;
		};
/* End XCConfigurationList section */
	};
	rootObject = 689006461ED4B55300E81328 /* Project object */;
}
